
Microsoft Visual Studio Solution File, Format Version 12.00
# Visual Studio 15
VisualStudioVersion = 15.0.27703.2026
MinimumVisualStudioVersion = 10.0.40219.1
Project("{8BC9CEB8-8B4A-11D0-8D11-00A0C91BC942}") = "OSG_5_GeometryRotatingLine", "OSG_5_GeometryRotatingLine\OSG_5_GeometryRotatingLine.vcxproj", "{63845082-527F-4A39-8E24-9B7E1986887E}"
EndProject
Global
	GlobalSection(SolutionConfigurationPlatforms) = preSolution
		Debug|x64 = Debug|x64
		Debug|x86 = Debug|x86
		Release|x64 = Release|x64
		Release|x86 = Release|x86
	EndGlobalSection
	GlobalSection(ProjectConfigurationPlatforms) = postSolution
		{63845082-527F-4A39-8E24-9B7E1986887E}.Debug|x64.ActiveCfg = Debug|x64
		{63845082-527F-4A39-8E24-9B7E1986887E}.Debug|x64.Build.0 = Debug|x64
		{63845082-527F-4A39-8E24-9B7E1986887E}.Debug|x86.ActiveCfg = Debug|Win32
		{63845082-527F-4A39-8E24-9B7E1986887E}.Debug|x86.Build.0 = Debug|Win32
		{63845082-527F-4A39-8E24-9B7E1986887E}.Release|x64.ActiveCfg = Release|x64
		{63845082-527F-4A39-8E24-9B7E1986887E}.Release|x64.Build.0 = Release|x64
		{63845082-527F-4A39-8E24-9B7E1986887E}.Release|x86.ActiveCfg = Release|Win32
		{63845082-527F-4A39-8E24-9B7E1986887E}.Release|x86.Build.0 = Release|Win32
	EndGlobalSection
	GlobalSection(SolutionProperties) = preSolution
		HideSolutionNode = FALSE
	EndGlobalSection
	GlobalSection(ExtensibilityGlobals) = postSolution
		SolutionGuid = {B1A9B1C3-A3D7-4422-A599-02FA588577F9}
	EndGlobalSection
EndGlobal
